
Microsoft Visual Studio Solution File, Format Version 12.00
# Visual Studio Version 16
VisualStudioVersion = 16.0.32929.386
MinimumVisualStudioVersion = 10.0.40219.1
Project("{FAE04EC0-301F-11D3-BF4B-00C04F79EFBC}") = "MvcStok", "MvcStok\MvcStok.csproj", "{77BC29F1-5977-43B8-B1C2-5C493C1D94DA}"
EndProject
Global
	GlobalSection(SolutionConfigurationPlatforms) = preSolution
		Debug|Any CPU = Debug|Any CPU
		Release|Any CPU = Release|Any CPU
	EndGlobalSection
	GlobalSection(ProjectConfigurationPlatforms) = postSolution
		{77BC29F1-5977-43B8-B1C2-5C493C1D94DA}.Debug|Any CPU.ActiveCfg = Debug|Any CPU
		{77BC29F1-5977-43B8-B1C2-5C493C1D94DA}.Debug|Any CPU.Build.0 = Debug|Any CPU
		{77BC29F1-5977-43B8-B1C2-5C493C1D94DA}.Release|Any CPU.ActiveCfg = Release|Any CPU
		{77BC29F1-5977-43B8-B1C2-5C493C1D94DA}.Release|Any CPU.Build.0 = Release|Any CPU
	EndGlobalSection
	GlobalSection(SolutionProperties) = preSolution
		HideSolutionNode = FALSE
	EndGlobalSection
	GlobalSection(ExtensibilityGlobals) = postSolution
		SolutionGuid = {786781B5-29E0-4146-BA81-6D101BB71DC6}
	EndGlobalSection
EndGlobal
